
Microsoft Visual Studio Solution File, Format Version 12.00
# Visual Studio 2017
Project("{FAE04EC0-301F-11D3-BF4B-00C04F79EFBC}") = "Joc", "Joc.csproj", "{74576A0B-696F-D0A1-566D-561F46E7657A}"
EndProject
Global
	GlobalSection(SolutionConfigurationPlatforms) = preSolution
		Debug|Any CPU = Debug|Any CPU
		Release|Any CPU = Release|Any CPU
	EndGlobalSection
	GlobalSection(ProjectConfigurationPlatforms) = postSolution
		{74576A0B-696F-D0A1-566D-561F46E7657A}.Debug|Any CPU.ActiveCfg = Debug|Any CPU
		{74576A0B-696F-D0A1-566D-561F46E7657A}.Debug|Any CPU.Build.0 = Debug|Any CPU
		{74576A0B-696F-D0A1-566D-561F46E7657A}.Release|Any CPU.ActiveCfg = Release|Any CPU
		{74576A0B-696F-D0A1-566D-561F46E7657A}.Release|Any CPU.Build.0 = Release|Any CPU
	EndGlobalSection
	GlobalSection(SolutionProperties) = preSolution
		HideSolutionNode = FALSE
	EndGlobalSection
EndGlobal
